
Microsoft Visual Studio Solution File, Format Version 12.00
# Visual Studio Version 17
VisualStudioVersion = 17.11.35222.181
MinimumVisualStudioVersion = 10.0.40219.1
Project("{FAE04EC0-301F-11D3-BF4B-00C04F79EFBC}") = "PR-22.101_Dmitriev_Authorization", "PR-22.101_Dmitriev_Authorization\PR-22.101_Dmitriev_Authorization.csproj", "{F4891F0D-3392-405E-889B-E725C67852C6}"
EndProject
Global
	GlobalSection(SolutionConfigurationPlatforms) = preSolution
		Debug|Any CPU = Debug|Any CPU
		Release|Any CPU = Release|Any CPU
	EndGlobalSection
	GlobalSection(ProjectConfigurationPlatforms) = postSolution
		{F4891F0D-3392-405E-889B-E725C67852C6}.Debug|Any CPU.ActiveCfg = Debug|Any CPU
		{F4891F0D-3392-405E-889B-E725C67852C6}.Debug|Any CPU.Build.0 = Debug|Any CPU
		{F4891F0D-3392-405E-889B-E725C67852C6}.Release|Any CPU.ActiveCfg = Release|Any CPU
		{F4891F0D-3392-405E-889B-E725C67852C6}.Release|Any CPU.Build.0 = Release|Any CPU
	EndGlobalSection
	GlobalSection(SolutionProperties) = preSolution
		HideSolutionNode = FALSE
	EndGlobalSection
	GlobalSection(ExtensibilityGlobals) = postSolution
		SolutionGuid = {43D911F6-0A56-4858-A4DE-6443ABFA1BE1}
	EndGlobalSection
EndGlobal
